
Microsoft Visual Studio Solution File, Format Version 12.00
# Visual Studio Version 17
VisualStudioVersion = 17.8.34511.84
MinimumVisualStudioVersion = 10.0.40219.1
Project("{8BC9CEB8-8B4A-11D0-8D11-00A0C91BC942}") = "Console", "Console\Console.vcxproj", "{81452BC5-933C-4B7F-932A-F41BE3260038}"
EndProject
Global
	GlobalSection(SolutionConfigurationPlatforms) = preSolution
		Debug|x64 = Debug|x64
		Debug|x86 = Debug|x86
		Release|x64 = Release|x64
		Release|x86 = Release|x86
	EndGlobalSection
	GlobalSection(ProjectConfigurationPlatforms) = postSolution
		{81452BC5-933C-4B7F-932A-F41BE3260038}.Debug|x64.ActiveCfg = Debug|x64
		{81452BC5-933C-4B7F-932A-F41BE3260038}.Debug|x64.Build.0 = Debug|x64
		{81452BC5-933C-4B7F-932A-F41BE3260038}.Debug|x86.ActiveCfg = Debug|Win32
		{81452BC5-933C-4B7F-932A-F41BE3260038}.Debug|x86.Build.0 = Debug|Win32
		{81452BC5-933C-4B7F-932A-F41BE3260038}.Release|x64.ActiveCfg = Release|x64
		{81452BC5-933C-4B7F-932A-F41BE3260038}.Release|x64.Build.0 = Release|x64
		{81452BC5-933C-4B7F-932A-F41BE3260038}.Release|x86.ActiveCfg = Release|Win32
		{81452BC5-933C-4B7F-932A-F41BE3260038}.Release|x86.Build.0 = Release|Win32
	EndGlobalSection
	GlobalSection(SolutionProperties) = preSolution
		HideSolutionNode = FALSE
	EndGlobalSection
	GlobalSection(ExtensibilityGlobals) = postSolution
		SolutionGuid = {57DA6C4D-59FF-428D-B2A0-2ACEFD871895}
	EndGlobalSection
EndGlobal
